
Microsoft Visual Studio Solution File, Format Version 12.00
# Visual Studio Version 17
VisualStudioVersion = 17.13.35931.197 d17.13
MinimumVisualStudioVersion = 10.0.40219.1
Project("{FAE04EC0-301F-11D3-BF4B-00C04F79EFBC}") = "BookingService", "BookingService.csproj", "{DACA0586-2188-4223-818C-B59D0D6A9749}"
EndProject
Global
	GlobalSection(SolutionConfigurationPlatforms) = preSolution
		Debug|Any CPU = Debug|Any CPU
		Release|Any CPU = Release|Any CPU
	EndGlobalSection
	GlobalSection(ProjectConfigurationPlatforms) = postSolution
		{DACA0586-2188-4223-818C-B59D0D6A9749}.Debug|Any CPU.ActiveCfg = Debug|Any CPU
		{DACA0586-2188-4223-818C-B59D0D6A9749}.Debug|Any CPU.Build.0 = Debug|Any CPU
		{DACA0586-2188-4223-818C-B59D0D6A9749}.Release|Any CPU.ActiveCfg = Release|Any CPU
		{DACA0586-2188-4223-818C-B59D0D6A9749}.Release|Any CPU.Build.0 = Release|Any CPU
	EndGlobalSection
	GlobalSection(SolutionProperties) = preSolution
		HideSolutionNode = FALSE
	EndGlobalSection
	GlobalSection(ExtensibilityGlobals) = postSolution
		SolutionGuid = {99C13687-1F11-4223-8701-A81B1FB108D9}
	EndGlobalSection
EndGlobal
